// !$*UTF8*$!
{
	archiveVersion = 1;
	classes = {
	};
	objectVersion = 50;
	objects = {

/* Begin PBXBuildFile section */
		3FD96B8859DFA422498BDFFF /* Pods_Flix.framework in Frameworks */ = {isa = PBXBuildFile; fileRef = 80ADDAAB54CB6C0F4851B0DD /* Pods_Flix.framework */; };
		CBD90A73251E81EC007C5472 /* AppDelegate.swift in Sources */ = {isa = PBXBuildFile; fileRef = CBD90A72251E81EC007C5472 /* AppDelegate.swift */; };
		CBD90A75251E81EC007C5472 /* SceneDelegate.swift in Sources */ = {isa = PBXBuildFile; fileRef = CBD90A74251E81EC007C5472 /* SceneDelegate.swift */; };
		CBD90A7A251E81EC007C5472 /* Main.storyboard in Resources */ = {isa = PBXBuildFile; fileRef = CBD90A78251E81EC007C5472 /* Main.storyboard */; };
		CBD90A7C251E81F0007C5472 /* Assets.xcassets in Resources */ = {isa = PBXBuildFile; fileRef = CBD90A7B251E81F0007C5472 /* Assets.xcassets */; };
		CBD90A7F251E81F0007C5472 /* LaunchScreen.storyboard in Resources */ = {isa = PBXBuildFile; fileRef = CBD90A7D251E81F0007C5472 /* LaunchScreen.storyboard */; };
		CBD90A8A251E81F0007C5472 /* FlixTests.swift in Sources */ = {isa = PBXBuildFile; fileRef = CBD90A89251E81F0007C5472 /* FlixTests.swift */; };
		CBD90A95251E81F0007C5472 /* FlixUITests.swift in Sources */ = {isa = PBXBuildFile; fileRef = CBD90A94251E81F0007C5472 /* FlixUITests.swift */; };
		CBD90AA9251E824B007C5472 /* MoviesViewController.swift in Sources */ = {isa = PBXBuildFile; fileRef = CBD90AA8251E824B007C5472 /* MoviesViewController.swift */; };
		CBD90AAE251E8B97007C5472 /* MovieCell.swift in Sources */ = {isa = PBXBuildFile; fileRef = CBD90AAD251E8B96007C5472 /* MovieCell.swift */; };
		D468A2230B06B8EA9BDE1954 /* Pods_FlixTests.framework in Frameworks */ = {isa = PBXBuildFile; fileRef = 4E547AB118D159CFFAFFB5D5 /* Pods_FlixTests.framework */; };
		DAB06A992A278A0CD2675234 /* Pods_Flix_FlixUITests.framework in Frameworks */ = {isa = PBXBuildFile; fileRef = 14DCA7F908C16BCC835E0780 /* Pods_Flix_FlixUITests.framework */; };
/* End PBXBuildFile section */

/* Begin PBXContainerItemProxy section */
		CBD90A86251E81F0007C5472 /* PBXContainerItemProxy */ = {
			isa = PBXContainerItemProxy;
			containerPortal = CBD90A67251E81EC007C5472 /* Project object */;
			proxyType = 1;
			remoteGlobalIDString = CBD90A6E251E81EC007C5472;
			remoteInfo = Flix;
		};
		CBD90A91251E81F0007C5472 /* PBXContainerItemProxy */ = {
			isa = PBXContainerItemProxy;
			containerPortal = CBD90A67251E81EC007C5472 /* Project object */;
			proxyType = 1;
			remoteGlobalIDString = CBD90A6E251E81EC007C5472;
			remoteInfo = Flix;
		};
/* End PBXContainerItemProxy section */

/* Begin PBXFileReference section */
		14DCA7F908C16BCC835E0780 /* Pods_Flix_FlixUITests.framework */ = {isa = PBXFileReference; explicitFileType = wrapper.framework; includeInIndex = 0; path = Pods_Flix_FlixUITests.framework; sourceTree = BUILT_PRODUCTS_DIR; };
		2D853B7731C793E07C8087CD /* Pods-FlixTests.release.xcconfig */ = {isa = PBXFileReference; includeInIndex = 1; lastKnownFileType = text.xcconfig; name = "Pods-FlixTests.release.xcconfig"; path = "Target Support Files/Pods-FlixTests/Pods-FlixTests.release.xcconfig"; sourceTree = "<group>"; };
		40979BDA7E516E7C7397A2AC /* Pods-FlixTests.debug.xcconfig */ = {isa = PBXFileReference; includeInIndex = 1; lastKnownFileType = text.xcconfig; name = "Pods-FlixTests.debug.xcconfig"; path = "Target Support Files/Pods-FlixTests/Pods-FlixTests.debug.xcconfig"; sourceTree = "<group>"; };
		4E547AB118D159CFFAFFB5D5 /* Pods_FlixTests.framework */ = {isa = PBXFileReference; explicitFileType = wrapper.framework; includeInIndex = 0; path = Pods_FlixTests.framework; sourceTree = BUILT_PRODUCTS_DIR; };
		59FFA4DBA70CAF5950E5665F /* Pods-Flix-FlixUITests.debug.xcconfig */ = {isa = PBXFileReference; includeInIndex = 1; lastKnownFileType = text.xcconfig; name = "Pods-Flix-FlixUITests.debug.xcconfig"; path = "Target Support Files/Pods-Flix-FlixUITests/Pods-Flix-FlixUITests.debug.xcconfig"; sourceTree = "<group>"; };
		65B1D5B9C133824D751E59A8 /* Pods-Flix.release.xcconfig */ = {isa = PBXFileReference; includeInIndex = 1; lastKnownFileType = text.xcconfig; name = "Pods-Flix.release.xcconfig"; path = "Target Support Files/Pods-Flix/Pods-Flix.release.xcconfig"; sourceTree = "<group>"; };
		809C5EC792136974CA3DA099 /* Pods-Flix-FlixUITests.release.xcconfig */ = {isa = PBXFileReference; includeInIndex = 1; lastKnownFileType = text.xcconfig; name = "Pods-Flix-FlixUITests.release.xcconfig"; path = "Target Support Files/Pods-Flix-FlixUITests/Pods-Flix-FlixUITests.release.xcconfig"; sourceTree = "<group>"; };
		80ADDAAB54CB6C0F4851B0DD /* Pods_Flix.framework */ = {isa = PBXFileReference; explicitFileType = wrapper.framework; includeInIndex = 0; path = Pods_Flix.framework; sourceTree = BUILT_PRODUCTS_DIR; };
		C6D3919C997F8C4695888CE3 /* Pods-Flix.debug.xcconfig */ = {isa = PBXFileReference; includeInIndex = 1; lastKnownFileType = text.xcconfig; name = "Pods-Flix.debug.xcconfig"; path = "Target Support Files/Pods-Flix/Pods-Flix.debug.xcconfig"; sourceTree = "<group>"; };
		CBD90A6F251E81EC007C5472 /* Flix.app */ = {isa = PBXFileReference; explicitFileType = wrapper.application; includeInIndex = 0; path = Flix.app; sourceTree = BUILT_PRODUCTS_DIR; };
		CBD90A72251E81EC007C5472 /* AppDelegate.swift */ = {isa = PBXFileReference; lastKnownFileType = sourcecode.swift; path = AppDelegate.swift; sourceTree = "<group>"; };
		CBD90A74251E81EC007C5472 /* SceneDelegate.swift */ = {isa = PBXFileReference; lastKnownFileType = sourcecode.swift; path = SceneDelegate.swift; sourceTree = "<group>"; };
		CBD90A79251E81EC007C5472 /* Base */ = {isa = PBXFileReference; lastKnownFileType = file.storyboard; name = Base; path = Base.lproj/Main.storyboard; sourceTree = "<group>"; };
		CBD90A7B251E81F0007C5472 /* Assets.xcassets */ = {isa = PBXFileReference; lastKnownFileType = folder.assetcatalog; path = Assets.xcassets; sourceTree = "<group>"; };
		CBD90A7E251E81F0007C5472 /* Base */ = {isa = PBXFileReference; lastKnownFileType = file.storyboard; name = Base; path = Base.lproj/LaunchScreen.storyboard; sourceTree = "<group>"; };
		CBD90A80251E81F0007C5472 /* Info.plist */ = {isa = PBXFileReference; lastKnownFileType = text.plist.xml; path = Info.plist; sourceTree = "<group>"; };
		CBD90A85251E81F0007C5472 /* FlixTests.xctest */ = {isa = PBXFileReference; explicitFileType = wrapper.cfbundle; includeInIndex = 0; path = FlixTests.xctest; sourceTree = BUILT_PRODUCTS_DIR; };
		CBD90A89251E81F0007C5472 /* FlixTests.swift */ = {isa = PBXFileReference; lastKnownFileType = sourcecode.swift; path = FlixTests.swift; sourceTree = "<group>"; };
		CBD90A8B251E81F0007C5472 /* Info.plist */ = {isa = PBXFileReference; lastKnownFileType = text.plist.xml; path = Info.plist; sourceTree = "<group>"; };
		CBD90A90251E81F0007C5472 /* FlixUITests.xctest */ = {isa = PBXFileReference; explicitFileType = wrapper.cfbundle; includeInIndex = 0; path = FlixUITests.xctest; sourceTree = BUILT_PRODUCTS_DIR; };
		CBD90A94251E81F0007C5472 /* FlixUITests.swift */ = {isa = PBXFileReference; lastKnownFileType = sourcecode.swift; path = FlixUITests.swift; sourceTree = "<group>"; };
		CBD90A96251E81F0007C5472 /* Info.plist */ = {isa = PBXFileReference; lastKnownFileType = text.plist.xml; path = Info.plist; sourceTree = "<group>"; };
		CBD90AA8251E824B007C5472 /* MoviesViewController.swift */ = {isa = PBXFileReference; lastKnownFileType = sourcecode.swift; path = MoviesViewController.swift; sourceTree = "<group>"; };
		CBD90AAD251E8B96007C5472 /* MovieCell.swift */ = {isa = PBXFileReference; lastKnownFileType = sourcecode.swift; path = MovieCell.swift; sourceTree = "<group>"; };
/* End PBXFileReference section */

/* Begin PBXFrameworksBuildPhase section */
		CBD90A6C251E81EC007C5472 /* Frameworks */ = {
			isa = PBXFrameworksBuildPhase;
			buildActionMask = 2147483647;
			files = (
				3FD96B8859DFA422498BDFFF /* Pods_Flix.framework in Frameworks */,
			);
			runOnlyForDeploymentPostprocessing = 0;
		};
		CBD90A82251E81F0007C5472 /* Frameworks */ = {
			isa = PBXFrameworksBuildPhase;
			buildActionMask = 2147483647;
			files = (
				D468A2230B06B8EA9BDE1954 /* Pods_FlixTests.framework in Frameworks */,
			);
			runOnlyForDeploymentPostprocessing = 0;
		};
		CBD90A8D251E81F0007C5472 /* Frameworks */ = {
			isa = PBXFrameworksBuildPhase;
			buildActionMask = 2147483647;
			files = (
				DAB06A992A278A0CD2675234 /* Pods_Flix_FlixUITests.framework in Frameworks */,
			);
			runOnlyForDeploymentPostprocessing = 0;
		};
/* End PBXFrameworksBuildPhase section */

/* Begin PBXGroup section */
		61CCFD5AE1373999A11673BE /* Pods */ = {
			isa = PBXGroup;
			children = (
				C6D3919C997F8C4695888CE3 /* Pods-Flix.debug.xcconfig */,
				65B1D5B9C133824D751E59A8 /* Pods-Flix.release.xcconfig */,
				59FFA4DBA70CAF5950E5665F /* Pods-Flix-FlixUITests.debug.xcconfig */,
				809C5EC792136974CA3DA099 /* Pods-Flix-FlixUITests.release.xcconfig */,
				40979BDA7E516E7C7397A2AC /* Pods-FlixTests.debug.xcconfig */,
				2D853B7731C793E07C8087CD /* Pods-FlixTests.release.xcconfig */,
			);
			name = Pods;
			path = Pods;
			sourceTree = "<group>";
		};
		71A19B9A7186EA06AAB344E1 /* Frameworks */ = {
			isa = PBXGroup;
			children = (
				80ADDAAB54CB6C0F4851B0DD /* Pods_Flix.framework */,
				14DCA7F908C16BCC835E0780 /* Pods_Flix_FlixUITests.framework */,
				4E547AB118D159CFFAFFB5D5 /* Pods_FlixTests.framework */,
			);
			name = Frameworks;
			sourceTree = "<group>";
		};
		CBD90A66251E81EC007C5472 = {
			isa = PBXGroup;
			children = (
				CBD90A71251E81EC007C5472 /* Flix */,
				CBD90A88251E81F0007C5472 /* FlixTests */,
				CBD90A93251E81F0007C5472 /* FlixUITests */,
				CBD90A70251E81EC007C5472 /* Products */,
				61CCFD5AE1373999A11673BE /* Pods */,
				71A19B9A7186EA06AAB344E1 /* Frameworks */,
			);
			sourceTree = "<group>";
		};
		CBD90A70251E81EC007C5472 /* Products */ = {
			isa = PBXGroup;
			children = (
				CBD90A6F251E81EC007C5472 /* Flix.app */,
				CBD90A85251E81F0007C5472 /* FlixTests.xctest */,
				CBD90A90251E81F0007C5472 /* FlixUITests.xctest */,
			);
			name = Products;
			sourceTree = "<group>";
		};
		CBD90A71251E81EC007C5472 /* Flix */ = {
			isa = PBXGroup;
			children = (
				CBD90A72251E81EC007C5472 /* AppDelegate.swift */,
				CBD90A74251E81EC007C5472 /* SceneDelegate.swift */,
				CBD90A78251E81EC007C5472 /* Main.storyboard */,
				CBD90A7B251E81F0007C5472 /* Assets.xcassets */,
				CBD90A7D251E81F0007C5472 /* LaunchScreen.storyboard */,
				CBD90A80251E81F0007C5472 /* Info.plist */,
				CBD90AA8251E824B007C5472 /* MoviesViewController.swift */,
				CBD90AAD251E8B96007C5472 /* MovieCell.swift */,
			);
			path = Flix;
			sourceTree = "<group>";
		};
		CBD90A88251E81F0007C5472 /* FlixTests */ = {
			isa = PBXGroup;
			children = (
				CBD90A89251E81F0007C5472 /* FlixTests.swift */,
				CBD90A8B251E81F0007C5472 /* Info.plist */,
			);
			path = FlixTests;
			sourceTree = "<group>";
		};
		CBD90A93251E81F0007C5472 /* FlixUITests */ = {
			isa = PBXGroup;
			children = (
				CBD90A94251E81F0007C5472 /* FlixUITests.swift */,
				CBD90A96251E81F0007C5472 /* Info.plist */,
			);
			path = FlixUITests;
			sourceTree = "<group>";
		};
/* End PBXGroup section */

/* Begin PBXNativeTarget section */
		CBD90A6E251E81EC007C5472 /* Flix */ = {
			isa = PBXNativeTarget;
			buildConfigurationList = CBD90A99251E81F0007C5472 /* Build configuration list for PBXNativeTarget "Flix" */;
			buildPhases = (
				1E935D575017CAF7555A351E /* [CP] Check Pods Manifest.lock */,
				CBD90A6B251E81EC007C5472 /* Sources */,
				CBD90A6C251E81EC007C5472 /* Frameworks */,
				CBD90A6D251E81EC007C5472 /* Resources */,
				B8DA4696CC1FE6F8AA5A8907 /* [CP] Embed Pods Frameworks */,
			);
			buildRules = (
			);
			dependencies = (
			);
			name = Flix;
			productName = Flix;
			productReference = CBD90A6F251E81EC007C5472 /* Flix.app */;
			productType = "com.apple.product-type.application";
		};
		CBD90A84251E81F0007C5472 /* FlixTests */ = {
			isa = PBXNativeTarget;
			buildConfigurationList = CBD90A9C251E81F0007C5472 /* Build configuration list for PBXNativeTarget "FlixTests" */;
			buildPhases = (
				DB6C471BAAA450AC1E0E3B5C /* [CP] Check Pods Manifest.lock */,
				CBD90A81251E81F0007C5472 /* Sources */,
				CBD90A82251E81F0007C5472 /* Frameworks */,
				CBD90A83251E81F0007C5472 /* Resources */,
			);
			buildRules = (
			);
			dependencies = (
				CBD90A87251E81F0007C5472 /* PBXTargetDependency */,
			);
			name = FlixTests;
			productName = FlixTests;
			productReference = CBD90A85251E81F0007C5472 /* FlixTests.xctest */;
			productType = "com.apple.product-type.bundle.unit-test";
		};
		CBD90A8F251E81F0007C5472 /* FlixUITests */ = {
			isa = PBXNativeTarget;
			buildConfigurationList = CBD90A9F251E81F0007C5472 /* Build configuration list for PBXNativeTarget "FlixUITests" */;
			buildPhases = (
				CF1A0D983E540B85F7A02F65 /* [CP] Check Pods Manifest.lock */,
				CBD90A8C251E81F0007C5472 /* Sources */,
				CBD90A8D251E81F0007C5472 /* Frameworks */,
				CBD90A8E251E81F0007C5472 /* Resources */,
				081ED101A15E6111FE0E4DB2 /* [CP] Embed Pods Frameworks */,
			);
			buildRules = (
			);
			dependencies = (
				CBD90A92251E81F0007C5472 /* PBXTargetDependency */,
			);
			name = FlixUITests;
			productName = FlixUITests;
			productReference = CBD90A90251E81F0007C5472 /* FlixUITests.xctest */;
			productType = "com.apple.product-type.bundle.ui-testing";
		};
/* End PBXNativeTarget section */

/* Begin PBXProject section */
		CBD90A67251E81EC007C5472 /* Project object */ = {
			isa = PBXProject;
			attributes = {
				LastSwiftUpdateCheck = 1200;
				LastUpgradeCheck = 1200;
				TargetAttributes = {
					CBD90A6E251E81EC007C5472 = {
						CreatedOnToolsVersion = 12.0;
					};
					CBD90A84251E81F0007C5472 = {
						CreatedOnToolsVersion = 12.0;
						TestTargetID = CBD90A6E251E81EC007C5472;
					};
					CBD90A8F251E81F0007C5472 = {
						CreatedOnToolsVersion = 12.0;
						TestTargetID = CBD90A6E251E81EC007C5472;
					};
				};
			};
			buildConfigurationList = CBD90A6A251E81EC007C5472 /* Build configuration list for PBXProject "Flix" */;
			compatibilityVersion = "Xcode 9.3";
			developmentRegion = en;
			hasScannedForEncodings = 0;
			knownRegions = (
				en,
				Base,
			);
			mainGroup = CBD90A66251E81EC007C5472;
			productRefGroup = CBD90A70251E81EC007C5472 /* Products */;
			projectDirPath = "";
			projectRoot = "";
			targets = (
				CBD90A6E251E81EC007C5472 /* Flix */,
				CBD90A84251E81F0007C5472 /* FlixTests */,
				CBD90A8F251E81F0007C5472 /* FlixUITests */,
			);
		};
/* End PBXProject section */

/* Begin PBXResourcesBuildPhase section */
		CBD90A6D251E81EC007C5472 /* Resources */ = {
			isa = PBXResourcesBuildPhase;
			buildActionMask = 2147483647;
			files = (
				CBD90A7F251E81F0007C5472 /* LaunchScreen.storyboard in Resources */,
				CBD90A7C251E81F0007C5472 /* Assets.xcassets in Resources */,
				CBD90A7A251E81EC007C5472 /* Main.storyboard in Resources */,
			);
			runOnlyForDeploymentPostprocessing = 0;
		};
		CBD90A83251E81F0007C5472 /* Resources */ = {
			isa = PBXResourcesBuildPhase;
			buildActionMask = 2147483647;
			files = (
			);
			runOnlyForDeploymentPostprocessing = 0;
		};
		CBD90A8E251E81F0007C5472 /* Resources */ = {
			isa = PBXResourcesBuildPhase;
			buildActionMask = 2147483647;
			files = (
			);
			runOnlyForDeploymentPostprocessing = 0;
		};
/* End PBXResourcesBuildPhase section */

/* Begin PBXShellScriptBuildPhase section */
		081ED101A15E6111FE0E4DB2 /* [CP] Embed Pods Frameworks */ = {
			isa = PBXShellScriptBuildPhase;
			buildActionMask = 2147483647;
			files = (
			);
			inputFileListPaths = (
				"${PODS_ROOT}/Target Support Files/Pods-Flix-FlixUITests/Pods-Flix-FlixUITests-frameworks-${CONFIGURATION}-input-files.xcfilelist",
			);
			name = "[CP] Embed Pods Frameworks";
			outputFileListPaths = (
				"${PODS_ROOT}/Target Support Files/Pods-Flix-FlixUITests/Pods-Flix-FlixUITests-frameworks-${CONFIGURATION}-output-files.xcfilelist",
			);
			runOnlyForDeploymentPostprocessing = 0;
			shellPath = /bin/sh;
			shellScript = "\"${PODS_ROOT}/Target Support Files/Pods-Flix-FlixUITests/Pods-Flix-FlixUITests-frameworks.sh\"\n";
			showEnvVarsInLog = 0;
		};
		1E935D575017CAF7555A351E /* [CP] Check Pods Manifest.lock */ = {
			isa = PBXShellScriptBuildPhase;
			buildActionMask = 2147483647;
			files = (
			);
			inputFileListPaths = (
			);
			inputPaths = (
				"${PODS_PODFILE_DIR_PATH}/Podfile.lock",
				"${PODS_ROOT}/Manifest.lock",
			);
			name = "[CP] Check Pods Manifest.lock";
			outputFileListPaths = (
			);
			outputPaths = (
				"$(DERIVED_FILE_DIR)/Pods-Flix-checkManifestLockResult.txt",
			);
			runOnlyForDeploymentPostprocessing = 0;
			shellPath = /bin/sh;
			shellScript = "diff \"${PODS_PODFILE_DIR_PATH}/Podfile.lock\" \"${PODS_ROOT}/Manifest.lock\" > /dev/null\nif [ $? != 0 ] ; then\n    # print error to STDERR\n    echo \"error: The sandbox is not in sync with the Podfile.lock. Run 'pod install' or update your CocoaPods installation.\" >&2\n    exit 1\nfi\n# This output is used by Xcode 'outputs' to avoid re-running this script phase.\necho \"SUCCESS\" > \"${SCRIPT_OUTPUT_FILE_0}\"\n";
			showEnvVarsInLog = 0;
		};
		B8DA4696CC1FE6F8AA5A8907 /* [CP] Embed Pods Frameworks */ = {
			isa = PBXShellScriptBuildPhase;
			buildActionMask = 2147483647;
			files = (
			);
			inputFileListPaths = (
				"${PODS_ROOT}/Target Support Files/Pods-Flix/Pods-Flix-frameworks-${CONFIGURATION}-input-files.xcfilelist",
			);
			name = "[CP] Embed Pods Frameworks";
			outputFileListPaths = (
				"${PODS_ROOT}/Target Support Files/Pods-Flix/Pods-Flix-frameworks-${CONFIGURATION}-output-files.xcfilelist",
			);
			runOnlyForDeploymentPostprocessing = 0;
			shellPath = /bin/sh;
			shellScript = "\"${PODS_ROOT}/Target Support Files/Pods-Flix/Pods-Flix-frameworks.sh\"\n";
			showEnvVarsInLog = 0;
		};
		CF1A0D983E540B85F7A02F65 /* [CP] Check Pods Manifest.lock */ = {
			isa = PBXShellScriptBuildPhase;
			buildActionMask = 2147483647;
			files = (
			);
			inputFileListPaths = (
			);
			inputPaths = (
				"${PODS_PODFILE_DIR_PATH}/Podfile.lock",
				"${PODS_ROOT}/Manifest.lock",
			);
			name = "[CP] Check Pods Manifest.lock";
			outputFileListPaths = (
			);
			outputPaths = (
				"$(DERIVED_FILE_DIR)/Pods-Flix-FlixUITests-checkManifestLockResult.txt",
			);
			runOnlyForDeploymentPostprocessing = 0;
			shellPath = /bin/sh;
			shellScript = "diff \"${PODS_PODFILE_DIR_PATH}/Podfile.lock\" \"${PODS_ROOT}/Manifest.lock\" > /dev/null\nif [ $? != 0 ] ; then\n    # print error to STDERR\n    echo \"error: The sandbox is not in sync with the Podfile.lock. Run 'pod install' or update your CocoaPods installation.\" >&2\n    exit 1\nfi\n# This output is used by Xcode 'outputs' to avoid re-running this script phase.\necho \"SUCCESS\" > \"${SCRIPT_OUTPUT_FILE_0}\"\n";
			showEnvVarsInLog = 0;
		};
		DB6C471BAAA450AC1E0E3B5C /* [CP] Check Pods Manifest.lock */ = {
			isa = PBXShellScriptBuildPhase;
			buildActionMask = 2147483647;
			files = (
			);
			inputFileListPaths = (
			);
			inputPaths = (
				"${PODS_PODFILE_DIR_PATH}/Podfile.lock",
				"${PODS_ROOT}/Manifest.lock",
			);
			name = "[CP] Check Pods Manifest.lock";
			outputFileListPaths = (
			);
			outputPaths = (
				"$(DERIVED_FILE_DIR)/Pods-FlixTests-checkManifestLockResult.txt",
			);
			runOnlyForDeploymentPostprocessing = 0;
			shellPath = /bin/sh;
			shellScript = "diff \"${PODS_PODFILE_DIR_PATH}/Podfile.lock\" \"${PODS_ROOT}/Manifest.lock\" > /dev/null\nif [ $? != 0 ] ; then\n    # print error to STDERR\n    echo \"error: The sandbox is not in sync with the Podfile.lock. Run 'pod install' or update your CocoaPods installation.\" >&2\n    exit 1\nfi\n# This output is used by Xcode 'outputs' to avoid re-running this script phase.\necho \"SUCCESS\" > \"${SCRIPT_OUTPUT_FILE_0}\"\n";
			showEnvVarsInLog = 0;
		};
/* End PBXShellScriptBuildPhase section */

/* Begin PBXSourcesBuildPhase section */
		CBD90A6B251E81EC007C5472 /* Sources */ = {
			isa = PBXSourcesBuildPhase;
			buildActionMask = 2147483647;
			files = (
				CBD90A73251E81EC007C5472 /* AppDelegate.swift in Sources */,
				CBD90A75251E81EC007C5472 /* SceneDelegate.swift in Sources */,
				CBD90AAE251E8B97007C5472 /* MovieCell.swift in Sources */,
				CBD90AA9251E824B007C5472 /* MoviesViewController.swift in Sources */,
			);
			runOnlyForDeploymentPostprocessing = 0;
		};
		CBD90A81251E81F0007C5472 /* Sources */ = {
			isa = PBXSourcesBuildPhase;
			buildActionMask = 2147483647;
			files = (
				CBD90A8A251E81F0007C5472 /* FlixTests.swift in Sources */,
			);
			runOnlyForDeploymentPostprocessing = 0;
		};
		CBD90A8C251E81F0007C5472 /* Sources */ = {
			isa = PBXSourcesBuildPhase;
			buildActionMask = 2147483647;
			files = (
				CBD90A95251E81F0007C5472 /* FlixUITests.swift in Sources */,
			);
			runOnlyForDeploymentPostprocessing = 0;
		};
/* End PBXSourcesBuildPhase section */

/* Begin PBXTargetDependency section */
		CBD90A87251E81F0007C5472 /* PBXTargetDependency */ = {
			isa = PBXTargetDependency;
			target = CBD90A6E251E81EC007C5472 /* Flix */;
			targetProxy = CBD90A86251E81F0007C5472 /* PBXContainerItemProxy */;
		};
		CBD90A92251E81F0007C5472 /* PBXTargetDependency */ = {
			isa = PBXTargetDependency;
			target = CBD90A6E251E81EC007C5472 /* Flix */;
			targetProxy = CBD90A91251E81F0007C5472 /* PBXContainerItemProxy */;
		};
/* End PBXTargetDependency section */

/* Begin PBXVariantGroup section */
		CBD90A78251E81EC007C5472 /* Main.storyboard */ = {
			isa = PBXVariantGroup;
			children = (
				CBD90A79251E81EC007C5472 /* Base */,
			);
			name = Main.storyboard;
			sourceTree = "<group>";
		};
		CBD90A7D251E81F0007C5472 /* LaunchScreen.storyboard */ = {
			isa = PBXVariantGroup;
			children = (
				CBD90A7E251E81F0007C5472 /* Base */,
			);
			name = LaunchScreen.storyboard;
			sourceTree = "<group>";
		};
/* End PBXVariantGroup section */

/* Begin XCBuildConfiguration section */
		CBD90A97251E81F0007C5472 /* Debug */ = {
			isa = XCBuildConfiguration;
			buildSettings = {
				ALWAYS_SEARCH_USER_PATHS = NO;
				CLANG_ANALYZER_NONNULL = YES;
				CLANG_ANALYZER_NUMBER_OBJECT_CONVERSION = YES_AGGRESSIVE;
				CLANG_CXX_LANGUAGE_STANDARD = "gnu++14";
				CLANG_CXX_LIBRARY = "libc++";
				CLANG_ENABLE_MODULES = YES;
				CLANG_ENABLE_OBJC_ARC = YES;
				CLANG_ENABLE_OBJC_WEAK = YES;
				CLANG_WARN_BLOCK_CAPTURE_AUTORELEASING = YES;
				CLANG_WARN_BOOL_CONVERSION = YES;
				CLANG_WARN_COMMA = YES;
				CLANG_WARN_CONSTANT_CONVERSION = YES;
				CLANG_WARN_DEPRECATED_OBJC_IMPLEMENTATIONS = YES;
				CLANG_WARN_DIRECT_OBJC_ISA_USAGE = YES_ERROR;
				CLANG_WARN_DOCUMENTATION_COMMENTS = YES;
				CLANG_WARN_EMPTY_BODY = YES;
				CLANG_WARN_ENUM_CONVERSION = YES;
				CLANG_WARN_INFINITE_RECURSION = YES;
				CLANG_WARN_INT_CONVERSION = YES;
				CLANG_WARN_NON_LITERAL_NULL_CONVERSION = YES;
				CLANG_WARN_OBJC_IMPLICIT_RETAIN_SELF = YES;
				CLANG_WARN_OBJC_LITERAL_CONVERSION = YES;
				CLANG_WARN_OBJC_ROOT_CLASS = YES_ERROR;
				CLANG_WARN_QUOTED_INCLUDE_IN_FRAMEWORK_HEADER = YES;
				CLANG_WARN_RANGE_LOOP_ANALYSIS = YES;
				CLANG_WARN_STRICT_PROTOTYPES = YES;
				CLANG_WARN_SUSPICIOUS_MOVE = YES;
				CLANG_WARN_UNGUARDED_AVAILABILITY = YES_AGGRESSIVE;
				CLANG_WARN_UNREACHABLE_CODE = YES;
				CLANG_WARN__DUPLICATE_METHOD_MATCH = YES;
				COPY_PHASE_STRIP = NO;
				DEBUG_INFORMATION_FORMAT = dwarf;
				ENABLE_STRICT_OBJC_MSGSEND = YES;
				ENABLE_TESTABILITY = YES;
				GCC_C_LANGUAGE_STANDARD = gnu11;
				GCC_DYNAMIC_NO_PIC = NO;
				GCC_NO_COMMON_BLOCKS = YES;
				GCC_OPTIMIZATION_LEVEL = 0;
				GCC_PREPROCESSOR_DEFINITIONS = (
					"DEBUG=1",
					"$(inherited)",
				);
				GCC_WARN_64_TO_32_BIT_CONVERSION = YES;
				GCC_WARN_ABOUT_RETURN_TYPE = YES_ERROR;
				GCC_WARN_UNDECLARED_SELECTOR = YES;
				GCC_WARN_UNINITIALIZED_AUTOS = YES_AGGRESSIVE;
				GCC_WARN_UNUSED_FUNCTION = YES;
				GCC_WARN_UNUSED_VARIABLE = YES;
				IPHONEOS_DEPLOYMENT_TARGET = 14.0;
				MTL_ENABLE_DEBUG_INFO = INCLUDE_SOURCE;
				MTL_FAST_MATH = YES;
				ONLY_ACTIVE_ARCH = YES;
				SDKROOT = iphoneos;
				SWIFT_ACTIVE_COMPILATION_CONDITIONS = DEBUG;
				SWIFT_OPTIMIZATION_LEVEL = "-Onone";
			};
			name = Debug;
		};
		CBD90A98251E81F0007C5472 /* Release */ = {
			isa = XCBuildConfiguration;
			buildSettings = {
				ALWAYS_SEARCH_USER_PATHS = NO;
				CLANG_ANALYZER_NONNULL = YES;
				CLANG_ANALYZER_NUMBER_OBJECT_CONVERSION = YES_AGGRESSIVE;
				CLANG_CXX_LANGUAGE_STANDARD = "gnu++14";
				CLANG_CXX_LIBRARY = "libc++";
				CLANG_ENABLE_MODULES = YES;
				CLANG_ENABLE_OBJC_ARC = YES;
				CLANG_ENABLE_OBJC_WEAK = YES;
				CLANG_WARN_BLOCK_CAPTURE_AUTORELEASING = YES;
				CLANG_WARN_BOOL_CONVERSION = YES;
				CLANG_WARN_COMMA = YES;
				CLANG_WARN_CONSTANT_CONVERSION = YES;
				CLANG_WARN_DEPRECATED_OBJC_IMPLEMENTATIONS = YES;
				CLANG_WARN_DIRECT_OBJC_ISA_USAGE = YES_ERROR;
				CLANG_WARN_DOCUMENTATION_COMMENTS = YES;
				CLANG_WARN_EMPTY_BODY = YES;
				CLANG_WARN_ENUM_CONVERSION = YES;
				CLANG_WARN_INFINITE_RECURSION = YES;
				CLANG_WARN_INT_CONVERSION = YES;
				CLANG_WARN_NON_LITERAL_NULL_CONVERSION = YES;
				CLANG_WARN_OBJC_IMPLICIT_RETAIN_SELF = YES;
				CLANG_WARN_OBJC_LITERAL_CONVERSION = YES;
				CLANG_WARN_OBJC_ROOT_CLASS = YES_ERROR;
				CLANG_WARN_QUOTED_INCLUDE_IN_FRAMEWORK_HEADER = YES;
				CLANG_WARN_RANGE_LOOP_ANALYSIS = YES;
				CLANG_WARN_STRICT_PROTOTYPES = YES;
				CLANG_WARN_SUSPICIOUS_MOVE = YES;
				CLANG_WARN_UNGUARDED_AVAILABILITY = YES_AGGRESSIVE;
				CLANG_WARN_UNREACHABLE_CODE = YES;
				CLANG_WARN__DUPLICATE_METHOD_MATCH = YES;
				COPY_PHASE_STRIP = NO;
				DEBUG_INFORMATION_FORMAT = "dwarf-with-dsym";
				ENABLE_NS_ASSERTIONS = NO;
				ENABLE_STRICT_OBJC_MSGSEND = YES;
				GCC_C_LANGUAGE_STANDARD = gnu11;
				GCC_NO_COMMON_BLOCKS = YES;
				GCC_WARN_64_TO_32_BIT_CONVERSION = YES;
				GCC_WARN_ABOUT_RETURN_TYPE = YES_ERROR;
				GCC_WARN_UNDECLARED_SELECTOR = YES;
				GCC_WARN_UNINITIALIZED_AUTOS = YES_AGGRESSIVE;
				GCC_WARN_UNUSED_FUNCTION = YES;
				GCC_WARN_UNUSED_VARIABLE = YES;
				IPHONEOS_DEPLOYMENT_TARGET = 14.0;
				MTL_ENABLE_DEBUG_INFO = NO;
				MTL_FAST_MATH = YES;
				SDKROOT = iphoneos;
				SWIFT_COMPILATION_MODE = wholemodule;
				SWIFT_OPTIMIZATION_LEVEL = "-O";
				VALIDATE_PRODUCT = YES;
			};
			name = Release;
		};
		CBD90A9A251E81F0007C5472 /* Debug */ = {
			isa = XCBuildConfiguration;
			baseConfigurationReference = C6D3919C997F8C4695888CE3 /* Pods-Flix.debug.xcconfig */;
			buildSettings = {
				ASSETCATALOG_COMPILER_APPICON_NAME = AppIcon;
				ASSETCATALOG_COMPILER_GLOBAL_ACCENT_COLOR_NAME = AccentColor;
				CODE_SIGN_STYLE = Automatic;
				INFOPLIST_FILE = Flix/Info.plist;
				LD_RUNPATH_SEARCH_PATHS = (
					"$(inherited)",
					"@executable_path/Frameworks",
				);
				PRODUCT_BUNDLE_IDENTIFIER = tazkia.afra.Flix;
				PRODUCT_NAME = "$(TARGET_NAME)";
				SWIFT_VERSION = 5.0;
				TARGETED_DEVICE_FAMILY = "1,2";
			};
			name = Debug;
		};
		CBD90A9B251E81F0007C5472 /* Release */ = {
			isa = XCBuildConfiguration;
			baseConfigurationReference = 65B1D5B9C133824D751E59A8 /* Pods-Flix.release.xcconfig */;
			buildSettings = {
				ASSETCATALOG_COMPILER_APPICON_NAME = AppIcon;
				ASSETCATALOG_COMPILER_GLOBAL_ACCENT_COLOR_NAME = AccentColor;
				CODE_SIGN_STYLE = Automatic;
				INFOPLIST_FILE = Flix/Info.plist;
				LD_RUNPATH_SEARCH_PATHS = (
					"$(inherited)",
					"@executable_path/Frameworks",
				);
				PRODUCT_BUNDLE_IDENTIFIER = tazkia.afra.Flix;
				PRODUCT_NAME = "$(TARGET_NAME)";
				SWIFT_VERSION = 5.0;
				TARGETED_DEVICE_FAMILY = "1,2";
			};
			name = Release;
		};
		CBD90A9D251E81F0007C5472 /* Debug */ = {
			isa = XCBuildConfiguration;
			baseConfigurationReference = 40979BDA7E516E7C7397A2AC /* Pods-FlixTests.debug.xcconfig */;
			buildSettings = {
				ALWAYS_EMBED_SWIFT_STANDARD_LIBRARIES = YES;
				BUNDLE_LOADER = "$(TEST_HOST)";
				CODE_SIGN_STYLE = Automatic;
				INFOPLIST_FILE = FlixTests/Info.plist;
				IPHONEOS_DEPLOYMENT_TARGET = 14.0;
				LD_RUNPATH_SEARCH_PATHS = (
					"$(inherited)",
					"@executable_path/Frameworks",
					"@loader_path/Frameworks",
				);
				PRODUCT_BUNDLE_IDENTIFIER = tazkia.afra.FlixTests;
				PRODUCT_NAME = "$(TARGET_NAME)";
				SWIFT_VERSION = 5.0;
				TARGETED_DEVICE_FAMILY = "1,2";
				TEST_HOST = "$(BUILT_PRODUCTS_DIR)/Flix.app/Flix";
			};
			name = Debug;
		};
		CBD90A9E251E81F0007C5472 /* Release */ = {
			isa = XCBuildConfiguration;
			baseConfigurationReference = 2D853B7731C793E07C8087CD /* Pods-FlixTests.release.xcconfig */;
			buildSettings = {
				ALWAYS_EMBED_SWIFT_STANDARD_LIBRARIES = YES;
				BUNDLE_LOADER = "$(TEST_HOST)";
				CODE_SIGN_STYLE = Automatic;
				INFOPLIST_FILE = FlixTests/Info.plist;
				IPHONEOS_DEPLOYMENT_TARGET = 14.0;
				LD_RUNPATH_SEARCH_PATHS = (
					"$(inherited)",
					"@executable_path/Frameworks",
					"@loader_path/Frameworks",
				);
				PRODUCT_BUNDLE_IDENTIFIER = tazkia.afra.FlixTests;
				PRODUCT_NAME = "$(TARGET_NAME)";
				SWIFT_VERSION = 5.0;
				TARGETED_DEVICE_FAMILY = "1,2";
				TEST_HOST = "$(BUILT_PRODUCTS_DIR)/Flix.app/Flix";
			};
			name = Release;
		};
		CBD90AA0251E81F0007C5472 /* Debug */ = {
			isa = XCBuildConfiguration;
			baseConfigurationReference = 59FFA4DBA70CAF5950E5665F /* Pods-Flix-FlixUITests.debug.xcconfig */;
			buildSettings = {
				ALWAYS_EMBED_SWIFT_STANDARD_LIBRARIES = YES;
				CODE_SIGN_STYLE = Automatic;
				INFOPLIST_FILE = FlixUITests/Info.plist;
				LD_RUNPATH_SEARCH_PATHS = (
					"$(inherited)",
					"@executable_path/Frameworks",
					"@loader_path/Frameworks",
				);
				PRODUCT_BUNDLE_IDENTIFIER = tazkia.afra.FlixUITests;
				PRODUCT_NAME = "$(TARGET_NAME)";
				SWIFT_VERSION = 5.0;
				TARGETED_DEVICE_FAMILY = "1,2";
				TEST_TARGET_NAME = Flix;
			};
			name = Debug;
		};
		CBD90AA1251E81F0007C5472 /* Release */ = {
			isa = XCBuildConfiguration;
			baseConfigurationReference = 809C5EC792136974CA3DA099 /* Pods-Flix-FlixUITests.release.xcconfig */;
			buildSettings = {
				ALWAYS_EMBED_SWIFT_STANDARD_LIBRARIES = YES;
				CODE_SIGN_STYLE = Automatic;
				INFOPLIST_FILE = FlixUITests/Info.plist;
				LD_RUNPATH_SEARCH_PATHS = (
					"$(inherited)",
					"@executable_path/Frameworks",
					"@loader_path/Frameworks",
				);
				PRODUCT_BUNDLE_IDENTIFIER = tazkia.afra.FlixUITests;
				PRODUCT_NAME = "$(TARGET_NAME)";
				SWIFT_VERSION = 5.0;
				TARGETED_DEVICE_FAMILY = "1,2";
				TEST_TARGET_NAME = Flix;
			};
			name = Release;
		};
/* End XCBuildConfiguration section */

/* Begin XCConfigurationList section */
		CBD90A6A251E81EC007C5472 /* Build configuration list for PBXProject "Flix" */ = {
			isa = XCConfigurationList;
			buildConfigurations = (
				CBD90A97251E81F0007C5472 /* Debug */,
				CBD90A98251E81F0007C5472 /* Release */,
			);
			defaultConfigurationIsVisible = 0;
			defaultConfigurationName = Release;
		};
		CBD90A99251E81F0007C5472 /* Build configuration list for PBXNativeTarget "Flix" */ = {
			isa = XCConfigurationList;
			buildConfigurations = (
				CBD90A9A251E81F0007C5472 /* Debug */,
				CBD90A9B251E81F0007C5472 /* Release */,
			);
			defaultConfigurationIsVisible = 0;
			defaultConfigurationName = Release;
		};
		CBD90A9C251E81F0007C5472 /* Build configuration list for PBXNativeTarget "FlixTests" */ = {
			isa = XCConfigurationList;
			buildConfigurations = (
				CBD90A9D251E81F0007C5472 /* Debug */,
				CBD90A9E251E81F0007C5472 /* Release */,
			);
			defaultConfigurationIsVisible = 0;
			defaultConfigurationName = Release;
		};
		CBD90A9F251E81F0007C5472 /* Build configuration list for PBXNativeTarget "FlixUITests" */ = {
			isa = XCConfigurationList;
			buildConfigurations = (
				CBD90AA0251E81F0007C5472 /* Debug */,
				CBD90AA1251E81F0007C5472 /* Release */,
			);
			defaultConfigurationIsVisible = 0;
			defaultConfigurationName = Release;
		};
/* End XCConfigurationList section */
	};
	rootObject = CBD90A67251E81EC007C5472 /* Project object */;
}
